Microsoft Visual Studio Solution File, Format Version 12.00
# Visual Studio Version 17
VisualStudioVersion = 17.5.2.0
MinimumVisualStudioVersion = 10.0.40219.1
Project("{FAE04EC0-301F-11D3-BF4B-00C04F79EFBC}") = "MiniPizza", "MiniPizza.csproj", "{DA96A3CB-22BB-2AFA-5D0A-264DA86F65E6}"
EndProject
Global
	GlobalSection(SolutionConfigurationPlatforms) = preSolution
		Debug|Any CPU = Debug|Any CPU
		Release|Any CPU = Release|Any CPU
	EndGlobalSection
	GlobalSection(ProjectConfigurationPlatforms) = postSolution
		{DA96A3CB-22BB-2AFA-5D0A-264DA86F65E6}.Debug|Any CPU.ActiveCfg = Debug|Any CPU
		{DA96A3CB-22BB-2AFA-5D0A-264DA86F65E6}.Debug|Any CPU.Build.0 = Debug|Any CPU
		{DA96A3CB-22BB-2AFA-5D0A-264DA86F65E6}.Release|Any CPU.ActiveCfg = Release|Any CPU
		{DA96A3CB-22BB-2AFA-5D0A-264DA86F65E6}.Release|Any CPU.Build.0 = Release|Any CPU
	EndGlobalSection
	GlobalSection(SolutionProperties) = preSolution
		HideSolutionNode = FALSE
	EndGlobalSection
	GlobalSection(ExtensibilityGlobals) = postSolution
		SolutionGuid = {A41E134D-54F9-4A30-8E78-AE5F7FE37C87}
	EndGlobalSection
EndGlobal
